
Microsoft Visual Studio Solution File, Format Version 12.00
# Visual Studio Version 17
VisualStudioVersion = 17.14.36401.2 d17.14
MinimumVisualStudioVersion = 10.0.40219.1
Project("{FAE04EC0-301F-11D3-BF4B-00C04F79EFBC}") = "AutoMapper", "AutoMapper\AutoMapper.csproj", "{05ABDD1B-8AD6-4C99-AE9D-D68F1027ED38}"
EndProject
Global
	GlobalSection(SolutionConfigurationPlatforms) = preSolution
		Debug|Any CPU = Debug|Any CPU
		Release|Any CPU = Release|Any CPU
	EndGlobalSection
	GlobalSection(ProjectConfigurationPlatforms) = postSolution
		{05ABDD1B-8AD6-4C99-AE9D-D68F1027ED38}.Debug|Any CPU.ActiveCfg = Debug|Any CPU
		{05ABDD1B-8AD6-4C99-AE9D-D68F1027ED38}.Debug|Any CPU.Build.0 = Debug|Any CPU
		{05ABDD1B-8AD6-4C99-AE9D-D68F1027ED38}.Release|Any CPU.ActiveCfg = Release|Any CPU
		{05ABDD1B-8AD6-4C99-AE9D-D68F1027ED38}.Release|Any CPU.Build.0 = Release|Any CPU
	EndGlobalSection
	GlobalSection(SolutionProperties) = preSolution
		HideSolutionNode = FALSE
	EndGlobalSection
	GlobalSection(ExtensibilityGlobals) = postSolution
		SolutionGuid = {E206C77D-58A1-4A43-A039-2BB75255D0E2}
	EndGlobalSection
EndGlobal
